// !$*UTF8*$!
{
	archiveVersion = 1;
	classes = {
	};
	objectVersion = 46;
	objects = {

/* Begin PBXBuildFile section */
		341EB5771733B42800B9660F /* button-blue.png in Resources */ = {isa = PBXBuildFile; fileRef = 341EB5761733B42800B9660F /* button-blue.png */; };
		341EB5791733B84000B9660F /* blue_image.png in Resources */ = {isa = PBXBuildFile; fileRef = 341EB5781733B84000B9660F /* blue_image.png */; };
		341EB57B1733C21A00B9660F /* blue.jpg in Resources */ = {isa = PBXBuildFile; fileRef = 341EB57A1733C21A00B9660F /* blue.jpg */; };
		3429B20E173A1B7E008C7F8D /* gnome_view_refresh.png in Resources */ = {isa = PBXBuildFile; fileRef = 3429B20D173A1B7E008C7F8D /* gnome_view_refresh.png */; };
		3429B210173A1D30008C7F8D /* view_fit_window3.png in Resources */ = {isa = PBXBuildFile; fileRef = 3429B20F173A1D30008C7F8D /* view_fit_window3.png */; };
		3445C146173CB1B800214BE7 /* スクリーンショット 2013-05-10 13.36.32.png in Resources */ = {isa = PBXBuildFile; fileRef = 3445C145173CB1B800214BE7 /* スクリーンショット 2013-05-10 13.36.32.png */; };
		348A628E17657A0500A9F171 /* Icon-72.png in Resources */ = {isa = PBXBuildFile; fileRef = 348A628A17657A0500A9F171 /* Icon-72.png */; };
		348A629017657A0500A9F171 /* Icon.png in Resources */ = {isa = PBXBuildFile; fileRef = 348A628C17657A0500A9F171 /* Icon.png */; };
		3490B8C3172776830005E90C /* UIKit.framework in Frameworks */ = {isa = PBXBuildFile; fileRef = 3490B8C2172776830005E90C /* UIKit.framework */; };
		3490B8C5172776830005E90C /* Foundation.framework in Frameworks */ = {isa = PBXBuildFile; fileRef = 3490B8C4172776830005E90C /* Foundation.framework */; };
		3490B8C7172776830005E90C /* CoreGraphics.framework in Frameworks */ = {isa = PBXBuildFile; fileRef = 3490B8C6172776830005E90C /* CoreGraphics.framework */; };
		3490B8CF172776830005E90C /* main.m in Sources */ = {isa = PBXBuildFile; fileRef = 3490B8CE172776830005E90C /* main.m */; };
		3490B8D3172776830005E90C /* AppDelegate.m in Sources */ = {isa = PBXBuildFile; fileRef = 3490B8D2172776830005E90C /* AppDelegate.m */; };
		3490B8D5172776830005E90C /* Default.png in Resources */ = {isa = PBXBuildFile; fileRef = 3490B8D4172776830005E90C /* Default.png */; };
		3490B8D7172776830005E90C /* Default@2x.png in Resources */ = {isa = PBXBuildFile; fileRef = 3490B8D6172776830005E90C /* Default@2x.png */; };
		3490B8D9172776830005E90C /* Default-568h@2x.png in Resources */ = {isa = PBXBuildFile; fileRef = 3490B8D8172776830005E90C /* Default-568h@2x.png */; };
		34913BA51734A645009D5F87 /* CFNetwork.framework in Frameworks */ = {isa = PBXBuildFile; fileRef = 34913BA21734A645009D5F87 /* CFNetwork.framework */; };
		34913BA61734A645009D5F87 /* StoreKit.framework in Frameworks */ = {isa = PBXBuildFile; fileRef = 34913BA31734A645009D5F87 /* StoreKit.framework */; };
		34913BA71734A645009D5F87 /* SystemConfiguration.framework in Frameworks */ = {isa = PBXBuildFile; fileRef = 34913BA41734A645009D5F87 /* SystemConfiguration.framework */; };
		34918F90172E223800C7F14E /* SecondViewController.m in Sources */ = {isa = PBXBuildFile; fileRef = 34918F8E172E223800C7F14E /* SecondViewController.m */; };
		34918F91172E223800C7F14E /* SecondViewController.xib in Resources */ = {isa = PBXBuildFile; fileRef = 34918F8F172E223800C7F14E /* SecondViewController.xib */; };
		349311A21736011500AF7748 /* old_zoom_best_fit.png in Resources */ = {isa = PBXBuildFile; fileRef = 349311A11736011500AF7748 /* old_zoom_best_fit.png */; };
		349311A41736020500AF7748 /* size_both_32.png in Resources */ = {isa = PBXBuildFile; fileRef = 349311A31736020500AF7748 /* size_both_32.png */; };
		349311A61736024100AF7748 /* view_fit_window.png in Resources */ = {isa = PBXBuildFile; fileRef = 349311A51736024100AF7748 /* view_fit_window.png */; };
		349311A81736034A00AF7748 /* view_fit_window2.png in Resources */ = {isa = PBXBuildFile; fileRef = 349311A71736034A00AF7748 /* view_fit_window2.png */; };
		349311B7173603BF00AF7748 /* image1.png in Resources */ = {isa = PBXBuildFile; fileRef = 349311A9173603BF00AF7748 /* image1.png */; };
		349311B8173603BF00AF7748 /* image2.png in Resources */ = {isa = PBXBuildFile; fileRef = 349311AA173603BF00AF7748 /* image2.png */; };
		349311B9173603BF00AF7748 /* image3.png in Resources */ = {isa = PBXBuildFile; fileRef = 349311AB173603BF00AF7748 /* image3.png */; };
		349311BA173603BF00AF7748 /* image4.png in Resources */ = {isa = PBXBuildFile; fileRef = 349311AC173603BF00AF7748 /* image4.png */; };
		349311BB173603BF00AF7748 /* image5.png in Resources */ = {isa = PBXBuildFile; fileRef = 349311AD173603BF00AF7748 /* image5.png */; };
		349311BC173603BF00AF7748 /* image6.png in Resources */ = {isa = PBXBuildFile; fileRef = 349311AE173603BF00AF7748 /* image6.png */; };
		349311BD173603BF00AF7748 /* image7.png in Resources */ = {isa = PBXBuildFile; fileRef = 349311AF173603BF00AF7748 /* image7.png */; };
		349311BE173603BF00AF7748 /* image8.png in Resources */ = {isa = PBXBuildFile; fileRef = 349311B0173603BF00AF7748 /* image8.png */; };
		349311BF173603BF00AF7748 /* image9.png in Resources */ = {isa = PBXBuildFile; fileRef = 349311B1173603BF00AF7748 /* image9.png */; };
		349311C0173603BF00AF7748 /* image10.png in Resources */ = {isa = PBXBuildFile; fileRef = 349311B2173603BF00AF7748 /* image10.png */; };
		349311C1173603BF00AF7748 /* image11.png in Resources */ = {isa = PBXBuildFile; fileRef = 349311B3173603BF00AF7748 /* image11.png */; };
		349311C2173603BF00AF7748 /* image12.png in Resources */ = {isa = PBXBuildFile; fileRef = 349311B4173603BF00AF7748 /* image12.png */; };
		349311C3173603BF00AF7748 /* image13.png in Resources */ = {isa = PBXBuildFile; fileRef = 349311B5173603BF00AF7748 /* image13.png */; };
		349311C4173603BF00AF7748 /* image14.png in Resources */ = {isa = PBXBuildFile; fileRef = 349311B6173603BF00AF7748 /* image14.png */; };
		3493203917312985008C4966 /* wall.png in Resources */ = {isa = PBXBuildFile; fileRef = 3493203817312985008C4966 /* wall.png */; };
		34939CED17316771004FF2A8 /* ReadViewController.m in Sources */ = {isa = PBXBuildFile; fileRef = 34939CEB17316771004FF2A8 /* ReadViewController.m */; };
		34939CEE17316772004FF2A8 /* ReadViewController.xib in Resources */ = {isa = PBXBuildFile; fileRef = 34939CEC17316771004FF2A8 /* ReadViewController.xib */; };
		34939CF017317AF1004FF2A8 /* wall2.png in Resources */ = {isa = PBXBuildFile; fileRef = 34939CEF17317AF1004FF2A8 /* wall2.png */; };
		3496A1CA19714AC60089686A /* AppiraterLocalizable.strings in Resources */ = {isa = PBXBuildFile; fileRef = 3496A16119714AC60089686A /* AppiraterLocalizable.strings */; };
		3496A1CB19714AC60089686A /* DetailViewController.xib in Resources */ = {isa = PBXBuildFile; fileRef = 3496A17A19714AC60089686A /* DetailViewController.xib */; };
		3496A1CC19714AC60089686A /* InfoPlist.strings in Resources */ = {isa = PBXBuildFile; fileRef = 3496A17C19714AC60089686A /* InfoPlist.strings */; };
		3496A1CD19714AC60089686A /* MasterViewController.xib in Resources */ = {isa = PBXBuildFile; fileRef = 3496A17E19714AC60089686A /* MasterViewController.xib */; };
		3496A1CE19714AC60089686A /* HTMLNode.m in Sources */ = {isa = PBXBuildFile; fileRef = 3496A18119714AC60089686A /* HTMLNode.m */; };
		3496A1CF19714AC60089686A /* HTMLParser.m in Sources */ = {isa = PBXBuildFile; fileRef = 3496A18319714AC60089686A /* HTMLParser.m */; };
		3496A1D019714AC60089686A /* .gitignore in Resources */ = {isa = PBXBuildFile; fileRef = 3496A18619714AC60089686A /* .gitignore */; };
		3496A1D119714AC60089686A /* Appirater.m in Sources */ = {isa = PBXBuildFile; fileRef = 3496A18819714AC60089686A /* Appirater.m */; };
		3496A1D219714AC60089686A /* Appirater.podspec in Resources */ = {isa = PBXBuildFile; fileRef = 3496A18919714AC60089686A /* Appirater.podspec */; };
		3496A1D319714AC60089686A /* AppiraterLocalizable.strings in Resources */ = {isa = PBXBuildFile; fileRef = 3496A18B19714AC60089686A /* AppiraterLocalizable.strings */; };
		3496A1D419714AC60089686A /* NSString+Trim.m in Sources */ = {isa = PBXBuildFile; fileRef = 3496A19119714AC60089686A /* NSString+Trim.m */; };
		3496A1D519714AC60089686A /* UIFont+Alert.m in Sources */ = {isa = PBXBuildFile; fileRef = 3496A19319714AC60089686A /* UIFont+Alert.m */; };
		3496A1D619714AC60089686A /* UIView+Alert.m in Sources */ = {isa = PBXBuildFile; fileRef = 3496A19519714AC60089686A /* UIView+Alert.m */; };
		3496A1D719714AC60089686A /* MBAlertAbstract.m in Sources */ = {isa = PBXBuildFile; fileRef = 3496A19719714AC60089686A /* MBAlertAbstract.m */; };
		3496A1D819714AC60089686A /* MBAlertView.m in Sources */ = {isa = PBXBuildFile; fileRef = 3496A19919714AC60089686A /* MBAlertView.m */; };
		3496A1D919714AC60089686A /* MBHUDView.m in Sources */ = {isa = PBXBuildFile; fileRef = 3496A19B19714AC60089686A /* MBHUDView.m */; };
		3496A1DA19714AC60089686A /* MBAlertViewItem.m in Sources */ = {isa = PBXBuildFile; fileRef = 3496A19E19714AC60089686A /* MBAlertViewItem.m */; };
		3496A1DB19714AC60089686A /* MBAlertViewButton.m in Sources */ = {isa = PBXBuildFile; fileRef = 3496A1A319714AC60089686A /* MBAlertViewButton.m */; };
		3496A1DC19714AC60089686A /* MBCheckMarkView.m in Sources */ = {isa = PBXBuildFile; fileRef = 3496A1A519714AC60089686A /* MBCheckMarkView.m */; };
		3496A1DD19714AC60089686A /* MBSpinningCircle.m in Sources */ = {isa = PBXBuildFile; fileRef = 3496A1A719714AC60089686A /* MBSpinningCircle.m */; };
		3496A1DE19714AC60089686A /* ODRefreshControl.m in Sources */ = {isa = PBXBuildFile; fileRef = 3496A1AA19714AC60089686A /* ODRefreshControl.m */; };
		3496A1DF19714AC60089686A /* TSMessage.m in Sources */ = {isa = PBXBuildFile; fileRef = 3496A1AE19714AC60089686A /* TSMessage.m */; };
		3496A1E019714AC60089686A /* LICENCE in Resources */ = {isa = PBXBuildFile; fileRef = 3496A1B019714AC60089686A /* LICENCE */; };
		3496A1E119714AC60089686A /* README.md in Resources */ = {isa = PBXBuildFile; fileRef = 3496A1B119714AC60089686A /* README.md */; };
		3496A1E219714AC60089686A /* UIColor+MLColorAdditions.m in Sources */ = {isa = PBXBuildFile; fileRef = 3496A1B319714AC60089686A /* UIColor+MLColorAdditions.m */; };
		3496A1E319714AC60089686A /* design.json in Resources */ = {isa = PBXBuildFile; fileRef = 3496A1B519714AC60089686A /* design.json */; };
		3496A1E419714AC60089686A /* NotificationBackgroundError.png in Resources */ = {isa = PBXBuildFile; fileRef = 3496A1B719714AC60089686A /* NotificationBackgroundError.png */; };
		3496A1E519714AC60089686A /* NotificationBackgroundError@2x.png in Resources */ = {isa = PBXBuildFile; fileRef = 3496A1B819714AC60089686A /* NotificationBackgroundError@2x.png */; };
		3496A1E619714AC60089686A /* NotificationBackgroundErrorIcon.png in Resources */ = {isa = PBXBuildFile; fileRef = 3496A1B919714AC60089686A /* NotificationBackgroundErrorIcon.png */; };
		3496A1E719714AC60089686A /* NotificationBackgroundErrorIcon@2x.png in Resources */ = {isa = PBXBuildFile; fileRef = 3496A1BA19714AC60089686A /* NotificationBackgroundErrorIcon@2x.png */; };
		3496A1E819714AC60089686A /* NotificationBackgroundMessage.png in Resources */ = {isa = PBXBuildFile; fileRef = 3496A1BB19714AC60089686A /* NotificationBackgroundMessage.png */; };
		3496A1E919714AC60089686A /* NotificationBackgroundMessage@2x.png in Resources */ = {isa = PBXBuildFile; fileRef = 3496A1BC19714AC60089686A /* NotificationBackgroundMessage@2x.png */; };
		3496A1EA19714AC60089686A /* NotificationBackgroundSuccess.png in Resources */ = {isa = PBXBuildFile; fileRef = 3496A1BD19714AC60089686A /* NotificationBackgroundSuccess.png */; };
		3496A1EB19714AC60089686A /* NotificationBackgroundSuccess@2x.png in Resources */ = {isa = PBXBuildFile; fileRef = 3496A1BE19714AC60089686A /* NotificationBackgroundSuccess@2x.png */; };
		3496A1EC19714AC60089686A /* NotificationBackgroundSuccessIcon.png in Resources */ = {isa = PBXBuildFile; fileRef = 3496A1BF19714AC60089686A /* NotificationBackgroundSuccessIcon.png */; };
		3496A1ED19714AC60089686A /* NotificationBackgroundSuccessIcon@2x.png in Resources */ = {isa = PBXBuildFile; fileRef = 3496A1C019714AC60089686A /* NotificationBackgroundSuccessIcon@2x.png */; };
		3496A1EE19714AC60089686A /* NotificationBackgroundWarning.png in Resources */ = {isa = PBXBuildFile; fileRef = 3496A1C119714AC60089686A /* NotificationBackgroundWarning.png */; };
		3496A1EF19714AC60089686A /* NotificationBackgroundWarning@2x.png in Resources */ = {isa = PBXBuildFile; fileRef = 3496A1C219714AC60089686A /* NotificationBackgroundWarning@2x.png */; };
		3496A1F019714AC60089686A /* NotificationBackgroundWarningIcon.png in Resources */ = {isa = PBXBuildFile; fileRef = 3496A1C319714AC60089686A /* NotificationBackgroundWarningIcon.png */; };
		3496A1F119714AC60089686A /* NotificationBackgroundWarningIcon@2x.png in Resources */ = {isa = PBXBuildFile; fileRef = 3496A1C419714AC60089686A /* NotificationBackgroundWarningIcon@2x.png */; };
		3496A1F219714AC60089686A /* NotificationButtonBackground.png in Resources */ = {isa = PBXBuildFile; fileRef = 3496A1C519714AC60089686A /* NotificationButtonBackground.png */; };
		3496A1F319714AC60089686A /* NotificationButtonBackground@2x.png in Resources */ = {isa = PBXBuildFile; fileRef = 3496A1C619714AC60089686A /* NotificationButtonBackground@2x.png */; };
		3496A1F419714AC60089686A /* TSMessageView.m in Sources */ = {isa = PBXBuildFile; fileRef = 3496A1C919714AC60089686A /* TSMessageView.m */; };
		3496A1F719714AD60089686A /* Icon-72@2x.png in Resources */ = {isa = PBXBuildFile; fileRef = 3496A1F519714AD60089686A /* Icon-72@2x.png */; };
		3496A1F819714AD60089686A /* Icon@2x.png in Resources */ = {isa = PBXBuildFile; fileRef = 3496A1F619714AD60089686A /* Icon@2x.png */; };
		3499D1C8172F6AA3006C1405 /* ListViewController.m in Sources */ = {isa = PBXBuildFile; fileRef = 3499D1C6172F6AA3006C1405 /* ListViewController.m */; };
		3499D1C9172F6AA3006C1405 /* ListViewController.xib in Resources */ = {isa = PBXBuildFile; fileRef = 3499D1C7172F6AA3006C1405 /* ListViewController.xib */; };
		349A7BD517473F64000FA75F /* QuartzCore.framework in Frameworks */ = {isa = PBXBuildFile; fileRef = 349A7BD417473F64000FA75F /* QuartzCore.framework */; };
		34A38994172A1DE7001B79AD /* libxml2.2.dylib in Frameworks */ = {isa = PBXBuildFile; fileRef = 34A38992172A1DE7001B79AD /* libxml2.2.dylib */; };
		34A38995172A1DE7001B79AD /* libxml2.dylib in Frameworks */ = {isa = PBXBuildFile; fileRef = 34A38993172A1DE7001B79AD /* libxml2.dylib */; };
/* End PBXBuildFile section */

/* Begin PBXFileReference section */
		341EB5761733B42800B9660F /* button-blue.png */ = {isa = PBXFileReference; lastKnownFileType = image.png; path = "button-blue.png"; sourceTree = "<group>"; };
		341EB5781733B84000B9660F /* blue_image.png */ = {isa = PBXFileReference; lastKnownFileType = image.png; path = blue_image.png; sourceTree = "<group>"; };
		341EB57A1733C21A00B9660F /* blue.jpg */ = {isa = PBXFileReference; lastKnownFileType = image.jpeg; path = blue.jpg; sourceTree = "<group>"; };
		3429B20D173A1B7E008C7F8D /* gnome_view_refresh.png */ = {isa = PBXFileReference; lastKnownFileType = image.png; path = gnome_view_refresh.png; sourceTree = "<group>"; };
		3429B20F173A1D30008C7F8D /* view_fit_window3.png */ = {isa = PBXFileReference; lastKnownFileType = image.png; path = view_fit_window3.png; sourceTree = "<group>"; };
		3445C145173CB1B800214BE7 /* スクリーンショット 2013-05-10 13.36.32.png */ = {isa = PBXFileReference; lastKnownFileType = image.png; path = "スクリーンショット 2013-05-10 13.36.32.png"; sourceTree = "<group>"; };
		348A628A17657A0500A9F171 /* Icon-72.png */ = {isa = PBXFileReference; lastKnownFileType = image.png; path = "Icon-72.png"; sourceTree = "<group>"; };
		348A628C17657A0500A9F171 /* Icon.png */ = {isa = PBXFileReference; lastKnownFileType = image.png; path = Icon.png; sourceTree = "<group>"; };
		3490B8BF172776830005E90C /* aozora2.app */ = {isa = PBXFileReference; explicitFileType = wrapper.application; includeInIndex = 0; path = aozora2.app; sourceTree = BUILT_PRODUCTS_DIR; };
		3490B8C2172776830005E90C /* UIKit.framework */ = {isa = PBXFileReference; lastKnownFileType = wrapper.framework; name = UIKit.framework; path = System/Library/Frameworks/UIKit.framework; sourceTree = SDKROOT; };
		3490B8C4172776830005E90C /* Foundation.framework */ = {isa = PBXFileReference; lastKnownFileType = wrapper.framework; name = Foundation.framework; path = System/Library/Frameworks/Foundation.framework; sourceTree = SDKROOT; };
		3490B8C6172776830005E90C /* CoreGraphics.framework */ = {isa = PBXFileReference; lastKnownFileType = wrapper.framework; name = CoreGraphics.framework; path = System/Library/Frameworks/CoreGraphics.framework; sourceTree = SDKROOT; };
		3490B8CA172776830005E90C /* aozora2-Info.plist */ = {isa = PBXFileReference; lastKnownFileType = text.plist.xml; path = "aozora2-Info.plist"; sourceTree = "<group>"; };
		3490B8CE172776830005E90C /* main.m */ = {isa = PBXFileReference; lastKnownFileType = sourcecode.c.objc; path = main.m; sourceTree = "<group>"; };
		3490B8D0172776830005E90C /* aozora2-Prefix.pch */ = {isa = PBXFileReference; lastKnownFileType = sourcecode.c.h; path = "aozora2-Prefix.pch"; sourceTree = "<group>"; };
		3490B8D1172776830005E90C /* AppDelegate.h */ = {isa = PBXFileReference; lastKnownFileType = sourcecode.c.h; path = AppDelegate.h; sourceTree = "<group>"; };
		3490B8D2172776830005E90C /* AppDelegate.m */ = {isa = PBXFileReference; lastKnownFileType = sourcecode.c.objc; path = AppDelegate.m; sourceTree = "<group>"; };
		3490B8D4172776830005E90C /* Default.png */ = {isa = PBXFileReference; lastKnownFileType = image.png; path = Default.png; sourceTree = "<group>"; };
		3490B8D6172776830005E90C /* Default@2x.png */ = {isa = PBXFileReference; lastKnownFileType = image.png; path = "Default@2x.png"; sourceTree = "<group>"; };
		3490B8D8172776830005E90C /* Default-568h@2x.png */ = {isa = PBXFileReference; lastKnownFileType = image.png; path = "Default-568h@2x.png"; sourceTree = "<group>"; };
		34913BA21734A645009D5F87 /* CFNetwork.framework */ = {isa = PBXFileReference; lastKnownFileType = wrapper.framework; name = CFNetwork.framework; path = System/Library/Frameworks/CFNetwork.framework; sourceTree = SDKROOT; };
		34913BA31734A645009D5F87 /* StoreKit.framework */ = {isa = PBXFileReference; lastKnownFileType = wrapper.framework; name = StoreKit.framework; path = System/Library/Frameworks/StoreKit.framework; sourceTree = SDKROOT; };
		34913BA41734A645009D5F87 /* SystemConfiguration.framework */ = {isa = PBXFileReference; lastKnownFileType = wrapper.framework; name = SystemConfiguration.framework; path = System/Library/Frameworks/SystemConfiguration.framework; sourceTree = SDKROOT; };
		34918F8D172E223800C7F14E /* SecondViewController.h */ = {isa = PBXFileReference; fileEncoding = 4; lastKnownFileType = sourcecode.c.h; path = SecondViewController.h; sourceTree = "<group>"; };
		34918F8E172E223800C7F14E /* SecondViewController.m */ = {isa = PBXFileReference; fileEncoding = 4; lastKnownFileType = sourcecode.c.objc; path = SecondViewController.m; sourceTree = "<group>"; };
		34918F8F172E223800C7F14E /* SecondViewController.xib */ = {isa = PBXFileReference; fileEncoding = 4; lastKnownFileType = file.xib; path = SecondViewController.xib; sourceTree = "<group>"; };
		349311A11736011500AF7748 /* old_zoom_best_fit.png */ = {isa = PBXFileReference; lastKnownFileType = image.png; path = old_zoom_best_fit.png; sourceTree = "<group>"; };
		349311A31736020500AF7748 /* size_both_32.png */ = {isa = PBXFileReference; lastKnownFileType = image.png; path = size_both_32.png; sourceTree = "<group>"; };
		349311A51736024100AF7748 /* view_fit_window.png */ = {isa = PBXFileReference; lastKnownFileType = image.png; path = view_fit_window.png; sourceTree = "<group>"; };
		349311A71736034A00AF7748 /* view_fit_window2.png */ = {isa = PBXFileReference; lastKnownFileType = image.png; path = view_fit_window2.png; sourceTree = "<group>"; };
		349311A9173603BF00AF7748 /* image1.png */ = {isa = PBXFileReference; lastKnownFileType = image.png; path = image1.png; sourceTree = "<group>"; };
		349311AA173603BF00AF7748 /* image2.png */ = {isa = PBXFileReference; lastKnownFileType = image.png; path = image2.png; sourceTree = "<group>"; };
		349311AB173603BF00AF7748 /* image3.png */ = {isa = PBXFileReference; lastKnownFileType = image.png; path = image3.png; sourceTree = "<group>"; };
		349311AC173603BF00AF7748 /* image4.png */ = {isa = PBXFileReference; lastKnownFileType = image.png; path = image4.png; sourceTree = "<group>"; };
		349311AD173603BF00AF7748 /* image5.png */ = {isa = PBXFileReference; lastKnownFileType = image.png; path = image5.png; sourceTree = "<group>"; };
		349311AE173603BF00AF7748 /* image6.png */ = {isa = PBXFileReference; lastKnownFileType = image.png; path = image6.png; sourceTree = "<group>"; };
		349311AF173603BF00AF7748 /* image7.png */ = {isa = PBXFileReference; lastKnownFileType = image.png; path = image7.png; sourceTree = "<group>"; };
		349311B0173603BF00AF7748 /* image8.png */ = {isa = PBXFileReference; lastKnownFileType = image.png; path = image8.png; sourceTree = "<group>"; };
		349311B1173603BF00AF7748 /* image9.png */ = {isa = PBXFileReference; lastKnownFileType = image.png; path = image9.png; sourceTree = "<group>"; };
		349311B2173603BF00AF7748 /* image10.png */ = {isa = PBXFileReference; lastKnownFileType = image.png; path = image10.png; sourceTree = "<group>"; };
		349311B3173603BF00AF7748 /* image11.png */ = {isa = PBXFileReference; lastKnownFileType = image.png; path = image11.png; sourceTree = "<group>"; };
		349311B4173603BF00AF7748 /* image12.png */ = {isa = PBXFileReference; lastKnownFileType = image.png; path = image12.png; sourceTree = "<group>"; };
		349311B5173603BF00AF7748 /* image13.png */ = {isa = PBXFileReference; lastKnownFileType = image.png; path = image13.png; sourceTree = "<group>"; };
		349311B6173603BF00AF7748 /* image14.png */ = {isa = PBXFileReference; lastKnownFileType = image.png; path = image14.png; sourceTree = "<group>"; };
		3493203817312985008C4966 /* wall.png */ = {isa = PBXFileReference; lastKnownFileType = image.png; path = wall.png; sourceTree = "<group>"; };
		34939CEA17316771004FF2A8 /* ReadViewController.h */ = {isa = PBXFileReference; fileEncoding = 4; lastKnownFileType = sourcecode.c.h; path = ReadViewController.h; sourceTree = "<group>"; };
		34939CEB17316771004FF2A8 /* ReadViewController.m */ = {isa = PBXFileReference; fileEncoding = 4; lastKnownFileType = sourcecode.c.objc; path = ReadViewController.m; sourceTree = "<group>"; };
		34939CEC17316771004FF2A8 /* ReadViewController.xib */ = {isa = PBXFileReference; fileEncoding = 4; lastKnownFileType = file.xib; path = ReadViewController.xib; sourceTree = "<group>"; };
		34939CEF17317AF1004FF2A8 /* wall2.png */ = {isa = PBXFileReference; lastKnownFileType = image.png; path = wall2.png; sourceTree = "<group>"; };
		3496A16219714AC60089686A /* ca */ = {isa = PBXFileReference; lastKnownFileType = text.plist.strings; name = ca; path = ca.lproj/AppiraterLocalizable.strings; sourceTree = "<group>"; };
		3496A16319714AC60089686A /* cs */ = {isa = PBXFileReference; lastKnownFileType = text.plist.strings; name = cs; path = cs.lproj/AppiraterLocalizable.strings; sourceTree = "<group>"; };
		3496A16419714AC60089686A /* da */ = {isa = PBXFileReference; lastKnownFileType = text.plist.strings; name = da; path = da.lproj/AppiraterLocalizable.strings; sourceTree = "<group>"; };
		3496A16519714AC60089686A /* de */ = {isa = PBXFileReference; lastKnownFileType = text.plist.strings; name = de; path = de.lproj/AppiraterLocalizable.strings; sourceTree = "<group>"; };
		3496A16619714AC60089686A /* el */ = {isa = PBXFileReference; lastKnownFileType = text.plist.strings; name = el; path = el.lproj/AppiraterLocalizable.strings; sourceTree = "<group>"; };
		3496A16719714AC60089686A /* es */ = {isa = PBXFileReference; lastKnownFileType = text.plist.strings; name = es; path = es.lproj/AppiraterLocalizable.strings; sourceTree = "<group>"; };
		3496A16819714AC60089686A /* fi */ = {isa = PBXFileReference; lastKnownFileType = text.plist.strings; name = fi; path = fi.lproj/AppiraterLocalizable.strings; sourceTree = "<group>"; };
		3496A16919714AC60089686A /* fr */ = {isa = PBXFileReference; lastKnownFileType = text.plist.strings; name = fr; path = fr.lproj/AppiraterLocalizable.strings; sourceTree = "<group>"; };
		3496A16A19714AC60089686A /* he */ = {isa = PBXFileReference; lastKnownFileType = text.plist.strings; name = he; path = he.lproj/AppiraterLocalizable.strings; sourceTree = "<group>"; };
		3496A16B19714AC60089686A /* hu */ = {isa = PBXFileReference; lastKnownFileType = text.plist.strings; name = hu; path = hu.lproj/AppiraterLocalizable.strings; sourceTree = "<group>"; };
		3496A16C19714AC60089686A /* it */ = {isa = PBXFileReference; lastKnownFileType = text.plist.strings; name = it; path = it.lproj/AppiraterLocalizable.strings; sourceTree = "<group>"; };
		3496A16D19714AC60089686A /* ko */ = {isa = PBXFileReference; lastKnownFileType = text.plist.strings; name = ko; path = ko.lproj/AppiraterLocalizable.strings; sourceTree = "<group>"; };
		3496A16E19714AC60089686A /* nb */ = {isa = PBXFileReference; lastKnownFileType = text.plist.strings; name = nb; path = nb.lproj/AppiraterLocalizable.strings; sourceTree = "<group>"; };
		3496A16F19714AC60089686A /* nl */ = {isa = PBXFileReference; lastKnownFileType = text.plist.strings; name = nl; path = nl.lproj/AppiraterLocalizable.strings; sourceTree = "<group>"; };
		3496A17019714AC60089686A /* pl */ = {isa = PBXFileReference; lastKnownFileType = text.plist.strings; name = pl; path = pl.lproj/AppiraterLocalizable.strings; sourceTree = "<group>"; };
		3496A17119714AC60089686A /* pt */ = {isa = PBXFileReference; lastKnownFileType = text.plist.strings; name = pt; path = pt.lproj/AppiraterLocalizable.strings; sourceTree = "<group>"; };
		3496A17219714AC60089686A /* ro */ = {isa = PBXFileReference; lastKnownFileType = text.plist.strings; name = ro; path = ro.lproj/AppiraterLocalizable.strings; sourceTree = "<group>"; };
		3496A17319714AC60089686A /* ru */ = {isa = PBXFileReference; lastKnownFileType = text.plist.strings; name = ru; path = ru.lproj/AppiraterLocalizable.strings; sourceTree = "<group>"; };
		3496A17419714AC60089686A /* sk */ = {isa = PBXFileReference; lastKnownFileType = text.plist.strings; name = sk; path = sk.lproj/AppiraterLocalizable.strings; sourceTree = "<group>"; };
		3496A17519714AC60089686A /* sv */ = {isa = PBXFileReference; lastKnownFileType = text.plist.strings; name = sv; path = sv.lproj/AppiraterLocalizable.strings; sourceTree = "<group>"; };
		3496A17619714AC60089686A /* tr */ = {isa = PBXFileReference; lastKnownFileType = text.plist.strings; name = tr; path = tr.lproj/AppiraterLocalizable.strings; sourceTree = "<group>"; };
		3496A17719714AC60089686A /* zh-Hans */ = {isa = PBXFileReference; lastKnownFileType = text.plist.strings; name = "zh-Hans"; path = "zh-Hans.lproj/AppiraterLocalizable.strings"; sourceTree = "<group>"; };
		3496A17819714AC60089686A /* zh-Hant */ = {isa = PBXFileReference; lastKnownFileType = text.plist.strings; name = "zh-Hant"; path = "zh-Hant.lproj/AppiraterLocalizable.strings"; sourceTree = "<group>"; };
		3496A17B19714AC60089686A /* en */ = {isa = PBXFileReference; lastKnownFileType = file.xib; name = en; path = DetailViewController.xib; sourceTree = "<group>"; };
		3496A17D19714AC60089686A /* en */ = {isa = PBXFileReference; lastKnownFileType = text.plist.strings; name = en; path = InfoPlist.strings; sourceTree = "<group>"; };
		3496A17F19714AC60089686A /* en */ = {isa = PBXFileReference; lastKnownFileType = file.xib; name = en; path = MasterViewController.xib; sourceTree = "<group>"; };
		3496A18019714AC60089686A /* HTMLNode.h */ = {isa = PBXFileReference; fileEncoding = 4; lastKnownFileType = sourcecode.c.h; path = HTMLNode.h; sourceTree = "<group>"; };
		3496A18119714AC60089686A /* HTMLNode.m */ = {isa = PBXFileReference; fileEncoding = 4; lastKnownFileType = sourcecode.c.objc; path = HTMLNode.m; sourceTree = "<group>"; };
		3496A18219714AC60089686A /* HTMLParser.h */ = {isa = PBXFileReference; fileEncoding = 4; lastKnownFileType = sourcecode.c.h; path = HTMLParser.h; sourceTree = "<group>"; };
		3496A18319714AC60089686A /* HTMLParser.m */ = {isa = PBXFileReference; fileEncoding = 4; lastKnownFileType = sourcecode.c.objc; path = HTMLParser.m; sourceTree = "<group>"; };
		3496A18619714AC60089686A /* .gitignore */ = {isa = PBXFileReference; fileEncoding = 4; lastKnownFileType = text; path = .gitignore; sourceTree = "<group>"; };
		3496A18719714AC60089686A /* Appirater.h */ = {isa = PBXFileReference; fileEncoding = 4; lastKnownFileType = sourcecode.c.h; path = Appirater.h; sourceTree = "<group>"; };
		3496A18819714AC60089686A /* Appirater.m */ = {isa = PBXFileReference; fileEncoding = 4; lastKnownFileType = sourcecode.c.objc; path = Appirater.m; sourceTree = "<group>"; };
		3496A18919714AC60089686A /* Appirater.podspec */ = {isa = PBXFileReference; fileEncoding = 4; lastKnownFileType = text; path = Appirater.podspec; sourceTree = "<group>"; };
		3496A18A19714AC60089686A /* AppiraterDelegate.h */ = {isa = PBXFileReference; fileEncoding = 4; lastKnownFileType = sourcecode.c.h; path = AppiraterDelegate.h; sourceTree = "<group>"; };
		3496A18C19714AC60089686A /* en */ = {isa = PBXFileReference; lastKnownFileType = text.plist.strings; name = en; path = en.lproj/AppiraterLocalizable.strings; sourceTree = "<group>"; };
		3496A18D19714AC60089686A /* ja */ = {isa = PBXFileReference; lastKnownFileType = text.plist.strings; name = ja; path = ja.lproj/AppiraterLocalizable.strings; sourceTree = "<group>"; };
		3496A19019714AC60089686A /* NSString+Trim.h */ = {isa = PBXFileReference; fileEncoding = 4; lastKnownFileType = sourcecode.c.h; path = "NSString+Trim.h"; sourceTree = "<group>"; };
		3496A19119714AC60089686A /* NSString+Trim.m */ = {isa = PBXFileReference; fileEncoding = 4; lastKnownFileType = sourcecode.c.objc; path = "NSString+Trim.m"; sourceTree = "<group>"; };
		3496A19219714AC60089686A /* UIFont+Alert.h */ = {isa = PBXFileReference; fileEncoding = 4; lastKnownFileType = sourcecode.c.h; path = "UIFont+Alert.h"; sourceTree = "<group>"; };
		3496A19319714AC60089686A /* UIFont+Alert.m */ = {isa = PBXFileReference; fileEncoding = 4; lastKnownFileType = sourcecode.c.objc; path = "UIFont+Alert.m"; sourceTree = "<group>"; };
		3496A19419714AC60089686A /* UIView+Alert.h */ = {isa = PBXFileReference; fileEncoding = 4; lastKnownFileType = sourcecode.c.h; path = "UIView+Alert.h"; sourceTree = "<group>"; };
		3496A19519714AC60089686A /* UIView+Alert.m */ = {isa = PBXFileReference; fileEncoding = 4; lastKnownFileType = sourcecode.c.objc; path = "UIView+Alert.m"; sourceTree = "<group>"; };
		3496A19619714AC60089686A /* MBAlertAbstract.h */ = {isa = PBXFileReference; fileEncoding = 4; lastKnownFileType = sourcecode.c.h; path = MBAlertAbstract.h; sourceTree = "<group>"; };
		3496A19719714AC60089686A /* MBAlertAbstract.m */ = {isa = PBXFileReference; fileEncoding = 4; lastKnownFileType = sourcecode.c.objc; path = MBAlertAbstract.m; sourceTree = "<group>"; };
		3496A19819714AC60089686A /* MBAlertView.h */ = {isa = PBXFileReference; fileEncoding = 4; lastKnownFileType = sourcecode.c.h; path = MBAlertView.h; sourceTree = "<group>"; };
		3496A19919714AC60089686A /* MBAlertView.m */ = {isa = PBXFileReference; fileEncoding = 4; lastKnownFileType = sourcecode.c.objc; path = MBAlertView.m; sourceTree = "<group>"; };
		3496A19A19714AC60089686A /* MBHUDView.h */ = {isa = PBXFileReference; fileEncoding = 4; lastKnownFileType = sourcecode.c.h; path = MBHUDView.h; sourceTree = "<group>"; };
		3496A19B19714AC60089686A /* MBHUDView.m */ = {isa = PBXFileReference; fileEncoding = 4; lastKnownFileType = sourcecode.c.objc; path = MBHUDView.m; sourceTree = "<group>"; };
		3496A19D19714AC60089686A /* MBAlertViewItem.h */ = {isa = PBXFileReference; fileEncoding = 4; lastKnownFileType = sourcecode.c.h; path = MBAlertViewItem.h; sourceTree = "<group>"; };
		3496A19E19714AC60089686A /* MBAlertViewItem.m */ = {isa = PBXFileReference; fileEncoding = 4; lastKnownFileType = sourcecode.c.objc; path = MBAlertViewItem.m; sourceTree = "<group>"; };
		3496A19F19714AC60089686A /* MBAlertViewSubclass.h */ = {isa = PBXFileReference; fileEncoding = 4; lastKnownFileType = sourcecode.c.h; path = MBAlertViewSubclass.h; sourceTree = "<group>"; };
		3496A1A119714AC60089686A /* AlertViewUI.h */ = {isa = PBXFileReference; fileEncoding = 4; lastKnownFileType = sourcecode.c.h; path = AlertViewUI.h; sourceTree = "<group>"; };
		3496A1A219714AC60089686A /* MBAlertViewButton.h */ = {isa = PBXFileReference; fileEncoding = 4; lastKnownFileType = sourcecode.c.h; path = MBAlertViewButton.h; sourceTree = "<group>"; };
		3496A1A319714AC60089686A /* MBAlertViewButton.m */ = {isa = PBXFileReference; fileEncoding = 4; lastKnownFileType = sourcecode.c.objc; path = MBAlertViewButton.m; sourceTree = "<group>"; };
		3496A1A419714AC60089686A /* MBCheckMarkView.h */ = {isa = PBXFileReference; fileEncoding = 4; lastKnownFileType = sourcecode.c.h; path = MBCheckMarkView.h; sourceTree = "<group>"; };
		3496A1A519714AC60089686A /* MBCheckMarkView.m */ = {isa = PBXFileReference; fileEncoding = 4; lastKnownFileType = sourcecode.c.objc; path = MBCheckMarkView.m; sourceTree = "<group>"; };
		3496A1A619714AC60089686A /* MBSpinningCircle.h */ = {isa = PBXFileReference; fileEncoding = 4; lastKnownFileType = sourcecode.c.h; path = MBSpinningCircle.h; sourceTree = "<group>"; };
		3496A1A719714AC60089686A /* MBSpinningCircle.m */ = {isa = PBXFileReference; fileEncoding = 4; lastKnownFileType = sourcecode.c.objc; path = MBSpinningCircle.m; sourceTree = "<group>"; };
		3496A1A919714AC60089686A /* ODRefreshControl.h */ = {isa = PBXFileReference; fileEncoding = 4; lastKnownFileType = sourcecode.c.h; path = ODRefreshControl.h; sourceTree = "<group>"; };
		3496A1AA19714AC60089686A /* ODRefreshControl.m */ = {isa = PBXFileReference; fileEncoding = 4; lastKnownFileType = sourcecode.c.objc; path = ODRefreshControl.m; sourceTree = "<group>"; };
		3496A1AD19714AC60089686A /* TSMessage.h */ = {isa = PBXFileReference; fileEncoding = 4; lastKnownFileType = sourcecode.c.h; path = TSMessage.h; sourceTree = "<group>"; };
		3496A1AE19714AC60089686A /* TSMessage.m */ = {isa = PBXFileReference; fileEncoding = 4; lastKnownFileType = sourcecode.c.objc; path = TSMessage.m; sourceTree = "<group>"; };
		3496A1B019714AC60089686A /* LICENCE */ = {isa = PBXFileReference; fileEncoding = 4; lastKnownFileType = text; path = LICENCE; sourceTree = "<group>"; };
		3496A1B119714AC60089686A /* README.md */ = {isa = PBXFileReference; fileEncoding = 4; lastKnownFileType = text; path = README.md; sourceTree = "<group>"; };
		3496A1B219714AC60089686A /* UIColor+MLColorAdditions.h */ = {isa = PBXFileReference; fileEncoding = 4; lastKnownFileType = sourcecode.c.h; path = "UIColor+MLColorAdditions.h"; sourceTree = "<group>"; };
		3496A1B319714AC60089686A /* UIColor+MLColorAdditions.m */ = {isa = PBXFileReference; fileEncoding = 4; lastKnownFileType = sourcecode.c.objc; path = "UIColor+MLColorAdditions.m"; sourceTree = "<group>"; };
		3496A1B519714AC60089686A /* design.json */ = {isa = PBXFileReference; fileEncoding = 4; lastKnownFileType = text.json; path = design.json; sourceTree = "<group>"; };
		3496A1B719714AC60089686A /* NotificationBackgroundError.png */ = {isa = PBXFileReference; lastKnownFileType = image.png; path = NotificationBackgroundError.png; sourceTree = "<group>"; };
		3496A1B819714AC60089686A /* NotificationBackgroundError@2x.png */ = {isa = PBXFileReference; lastKnownFileType = image.png; path = "NotificationBackgroundError@2x.png"; sourceTree = "<group>"; };
		3496A1B919714AC60089686A /* NotificationBackgroundErrorIcon.png */ = {isa = PBXFileReference; lastKnownFileType = image.png; path = NotificationBackgroundErrorIcon.png; sourceTree = "<group>"; };
		3496A1BA19714AC60089686A /* NotificationBackgroundErrorIcon@2x.png */ = {isa = PBXFileReference; lastKnownFileType = image.png; path = "NotificationBackgroundErrorIcon@2x.png"; sourceTree = "<group>"; };
		3496A1BB19714AC60089686A /* NotificationBackgroundMessage.png */ = {isa = PBXFileReference; lastKnownFileType = image.png; path = NotificationBackgroundMessage.png; sourceTree = "<group>"; };
		3496A1BC19714AC60089686A /* NotificationBackgroundMessage@2x.png */ = {isa = PBXFileReference; lastKnownFileType = image.png; path = "NotificationBackgroundMessage@2x.png"; sourceTree = "<group>"; };
		3496A1BD19714AC60089686A /* NotificationBackgroundSuccess.png */ = {isa = PBXFileReference; lastKnownFileType = image.png; path = NotificationBackgroundSuccess.png; sourceTree = "<group>"; };
		3496A1BE19714AC60089686A /* NotificationBackgroundSuccess@2x.png */ = {isa = PBXFileReference; lastKnownFileType = image.png; path = "NotificationBackgroundSuccess@2x.png"; sourceTree = "<group>"; };
		3496A1BF19714AC60089686A /* NotificationBackgroundSuccessIcon.png */ = {isa = PBXFileReference; lastKnownFileType = image.png; path = NotificationBackgroundSuccessIcon.png; sourceTree = "<group>"; };
		3496A1C019714AC60089686A /* NotificationBackgroundSuccessIcon@2x.png */ = {isa = PBXFileReference; lastKnownFileType = image.png; path = "NotificationBackgroundSuccessIcon@2x.png"; sourceTree = "<group>"; };
		3496A1C119714AC60089686A /* NotificationBackgroundWarning.png */ = {isa = PBXFileReference; lastKnownFileType = image.png; path = NotificationBackgroundWarning.png; sourceTree = "<group>"; };
		3496A1C219714AC60089686A /* NotificationBackgroundWarning@2x.png */ = {isa = PBXFileReference; lastKnownFileType = image.png; path = "NotificationBackgroundWarning@2x.png"; sourceTree = "<group>"; };
		3496A1C319714AC60089686A /* NotificationBackgroundWarningIcon.png */ = {isa = PBXFileReference; lastKnownFileType = image.png; path = NotificationBackgroundWarningIcon.png; sourceTree = "<group>"; };
		3496A1C419714AC60089686A /* NotificationBackgroundWarningIcon@2x.png */ = {isa = PBXFileReference; lastKnownFileType = image.png; path = "NotificationBackgroundWarningIcon@2x.png"; sourceTree = "<group>"; };
		3496A1C519714AC60089686A /* NotificationButtonBackground.png */ = {isa = PBXFileReference; lastKnownFileType = image.png; path = NotificationButtonBackground.png; sourceTree = "<group>"; };
		3496A1C619714AC60089686A /* NotificationButtonBackground@2x.png */ = {isa = PBXFileReference; lastKnownFileType = image.png; path = "NotificationButtonBackground@2x.png"; sourceTree = "<group>"; };
		3496A1C819714AC60089686A /* TSMessageView.h */ = {isa = PBXFileReference; fileEncoding = 4; lastKnownFileType = sourcecode.c.h; path = TSMessageView.h; sourceTree = "<group>"; };
		3496A1C919714AC60089686A /* TSMessageView.m */ = {isa = PBXFileReference; fileEncoding = 4; lastKnownFileType = sourcecode.c.objc; path = TSMessageView.m; sourceTree = "<group>"; };
		3496A1F519714AD60089686A /* Icon-72@2x.png */ = {isa = PBXFileReference; lastKnownFileType = image.png; path = "Icon-72@2x.png"; sourceTree = "<group>"; };
		3496A1F619714AD60089686A /* Icon@2x.png */ = {isa = PBXFileReference; lastKnownFileType = image.png; path = "Icon@2x.png"; sourceTree = "<group>"; };
		3499D1C5172F6AA3006C1405 /* ListViewController.h */ = {isa = PBXFileReference; fileEncoding = 4; lastKnownFileType = sourcecode.c.h; path = ListViewController.h; sourceTree = "<group>"; };
		3499D1C6172F6AA3006C1405 /* ListViewController.m */ = {isa = PBXFileReference; fileEncoding = 4; lastKnownFileType = sourcecode.c.objc; path = ListViewController.m; sourceTree = "<group>"; };
		3499D1C7172F6AA3006C1405 /* ListViewController.xib */ = {isa = PBXFileReference; fileEncoding = 4; lastKnownFileType = file.xib; path = ListViewController.xib; sourceTree = "<group>"; };
		349A7BD417473F64000FA75F /* QuartzCore.framework */ = {isa = PBXFileReference; lastKnownFileType = wrapper.framework; name = QuartzCore.framework; path = System/Library/Frameworks/QuartzCore.framework; sourceTree = SDKROOT; };
		34A38992172A1DE7001B79AD /* libxml2.2.dylib */ = {isa = PBXFileReference; lastKnownFileType = "compiled.mach-o.dylib"; name = libxml2.2.dylib; path = usr/lib/libxml2.2.dylib; sourceTree = SDKROOT; };
		34A38993172A1DE7001B79AD /* libxml2.dylib */ = {isa = PBXFileReference; lastKnownFileType = "compiled.mach-o.dylib"; name = libxml2.dylib; path = usr/lib/libxml2.dylib; sourceTree = SDKROOT; };
/* End PBXFileReference section */

/* Begin PBXFrameworksBuildPhase section */
		3490B8BC172776830005E90C /* Frameworks */ = {
			isa = PBXFrameworksBuildPhase;
			buildActionMask = 2147483647;
			files = (
				349A7BD517473F64000FA75F /* QuartzCore.framework in Frameworks */,
				34913BA51734A645009D5F87 /* CFNetwork.framework in Frameworks */,
				34913BA61734A645009D5F87 /* StoreKit.framework in Frameworks */,
				34913BA71734A645009D5F87 /* SystemConfiguration.framework in Frameworks */,
				34A38994172A1DE7001B79AD /* libxml2.2.dylib in Frameworks */,
				34A38995172A1DE7001B79AD /* libxml2.dylib in Frameworks */,
				3490B8C3172776830005E90C /* UIKit.framework in Frameworks */,
				3490B8C5172776830005E90C /* Foundation.framework in Frameworks */,
				3490B8C7172776830005E90C /* CoreGraphics.framework in Frameworks */,
			);
			runOnlyForDeploymentPostprocessing = 0;
		};
/* End PBXFrameworksBuildPhase section */

/* Begin PBXGroup section */
		3490B8B6172776830005E90C = {
			isa = PBXGroup;
			children = (
				3490B8C8172776830005E90C /* aozora2 */,
				3490B8C9172776830005E90C /* Supporting Files */,
				3490B8C1172776830005E90C /* Frameworks */,
				3490B8C0172776830005E90C /* Products */,
			);
			sourceTree = "<group>";
		};
		3490B8C0172776830005E90C /* Products */ = {
			isa = PBXGroup;
			children = (
				3490B8BF172776830005E90C /* aozora2.app */,
			);
			name = Products;
			sourceTree = "<group>";
		};
		3490B8C1172776830005E90C /* Frameworks */ = {
			isa = PBXGroup;
			children = (
				34A38992172A1DE7001B79AD /* libxml2.2.dylib */,
				34A38993172A1DE7001B79AD /* libxml2.dylib */,
				349A7BD417473F64000FA75F /* QuartzCore.framework */,
				34913BA21734A645009D5F87 /* CFNetwork.framework */,
				34913BA31734A645009D5F87 /* StoreKit.framework */,
				34913BA41734A645009D5F87 /* SystemConfiguration.framework */,
				3490B8C2172776830005E90C /* UIKit.framework */,
				3490B8C4172776830005E90C /* Foundation.framework */,
				3490B8C6172776830005E90C /* CoreGraphics.framework */,
			);
			name = Frameworks;
			sourceTree = "<group>";
		};
		3490B8C8172776830005E90C /* aozora2 */ = {
			isa = PBXGroup;
			children = (
				3496A16019714AC60089686A /* appirater-master */,
				3496A17919714AC60089686A /* en.lproj */,
				3496A18019714AC60089686A /* HTMLNode.h */,
				3496A18119714AC60089686A /* HTMLNode.m */,
				3496A18219714AC60089686A /* HTMLParser.h */,
				3496A18319714AC60089686A /* HTMLParser.m */,
				3496A18419714AC60089686A /* MBappirater */,
				3496A1A819714AC60089686A /* ODRefreshControl */,
				3496A1AB19714AC60089686A /* TSMessage */,
				3490B8D1172776830005E90C /* AppDelegate.h */,
				3490B8D2172776830005E90C /* AppDelegate.m */,
				34918F8D172E223800C7F14E /* SecondViewController.h */,
				34918F8E172E223800C7F14E /* SecondViewController.m */,
				34918F8F172E223800C7F14E /* SecondViewController.xib */,
				3499D1C5172F6AA3006C1405 /* ListViewController.h */,
				3499D1C6172F6AA3006C1405 /* ListViewController.m */,
				3499D1C7172F6AA3006C1405 /* ListViewController.xib */,
				34939CEA17316771004FF2A8 /* ReadViewController.h */,
				34939CEB17316771004FF2A8 /* ReadViewController.m */,
				34939CEC17316771004FF2A8 /* ReadViewController.xib */,
			);
			path = aozora2;
			sourceTree = "<group>";
		};
		3490B8C9172776830005E90C /* Supporting Files */ = {
			isa = PBXGroup;
			children = (
				3496A1F519714AD60089686A /* Icon-72@2x.png */,
				3496A1F619714AD60089686A /* Icon@2x.png */,
				348A628A17657A0500A9F171 /* Icon-72.png */,
				348A628C17657A0500A9F171 /* Icon.png */,
				3445C145173CB1B800214BE7 /* スクリーンショット 2013-05-10 13.36.32.png */,
				3429B20F173A1D30008C7F8D /* view_fit_window3.png */,
				3429B20D173A1B7E008C7F8D /* gnome_view_refresh.png */,
				349311A9173603BF00AF7748 /* image1.png */,
				349311AA173603BF00AF7748 /* image2.png */,
				349311AB173603BF00AF7748 /* image3.png */,
				349311AC173603BF00AF7748 /* image4.png */,
				349311AD173603BF00AF7748 /* image5.png */,
				349311AE173603BF00AF7748 /* image6.png */,
				349311AF173603BF00AF7748 /* image7.png */,
				349311B0173603BF00AF7748 /* image8.png */,
				349311B1173603BF00AF7748 /* image9.png */,
				349311B2173603BF00AF7748 /* image10.png */,
				349311B3173603BF00AF7748 /* image11.png */,
				349311B4173603BF00AF7748 /* image12.png */,
				349311B5173603BF00AF7748 /* image13.png */,
				349311B6173603BF00AF7748 /* image14.png */,
				349311A51736024100AF7748 /* view_fit_window.png */,
				349311A71736034A00AF7748 /* view_fit_window2.png */,
				349311A31736020500AF7748 /* size_both_32.png */,
				349311A11736011500AF7748 /* old_zoom_best_fit.png */,
				341EB57A1733C21A00B9660F /* blue.jpg */,
				341EB5781733B84000B9660F /* blue_image.png */,
				341EB5761733B42800B9660F /* button-blue.png */,
				3493203817312985008C4966 /* wall.png */,
				34939CEF17317AF1004FF2A8 /* wall2.png */,
				3490B8CA172776830005E90C /* aozora2-Info.plist */,
				3490B8CE172776830005E90C /* main.m */,
				3490B8D0172776830005E90C /* aozora2-Prefix.pch */,
				3490B8D4172776830005E90C /* Default.png */,
				3490B8D6172776830005E90C /* Default@2x.png */,
				3490B8D8172776830005E90C /* Default-568h@2x.png */,
			);
			name = "Supporting Files";
			path = aozora2;
			sourceTree = "<group>";
		};
		3496A16019714AC60089686A /* appirater-master */ = {
			isa = PBXGroup;
			children = (
				3496A16119714AC60089686A /* AppiraterLocalizable.strings */,
			);
			path = "appirater-master";
			sourceTree = "<group>";
		};
		3496A17919714AC60089686A /* en.lproj */ = {
			isa = PBXGroup;
			children = (
				3496A17A19714AC60089686A /* DetailViewController.xib */,
				3496A17C19714AC60089686A /* InfoPlist.strings */,
				3496A17E19714AC60089686A /* MasterViewController.xib */,
			);
			path = en.lproj;
			sourceTree = "<group>";
		};
		3496A18419714AC60089686A /* MBappirater */ = {
			isa = PBXGroup;
			children = (
				3496A18519714AC60089686A /* appirater-master */,
				3496A18E19714AC60089686A /* MBAlertView */,
			);
			path = MBappirater;
			sourceTree = "<group>";
		};
		3496A18519714AC60089686A /* appirater-master */ = {
			isa = PBXGroup;
			children = (
				3496A18619714AC60089686A /* .gitignore */,
				3496A18719714AC60089686A /* Appirater.h */,
				3496A18819714AC60089686A /* Appirater.m */,
				3496A18919714AC60089686A /* Appirater.podspec */,
				3496A18A19714AC60089686A /* AppiraterDelegate.h */,
				3496A18B19714AC60089686A /* AppiraterLocalizable.strings */,
			);
			path = "appirater-master";
			sourceTree = "<group>";
		};
		3496A18E19714AC60089686A /* MBAlertView */ = {
			isa = PBXGroup;
			children = (
				3496A18F19714AC60089686A /* Categories */,
				3496A19619714AC60089686A /* MBAlertAbstract.h */,
				3496A19719714AC60089686A /* MBAlertAbstract.m */,
				3496A19819714AC60089686A /* MBAlertView.h */,
				3496A19919714AC60089686A /* MBAlertView.m */,
				3496A19A19714AC60089686A /* MBHUDView.h */,
				3496A19B19714AC60089686A /* MBHUDView.m */,
				3496A19C19714AC60089686A /* Protected */,
				3496A1A019714AC60089686A /* Views */,
			);
			path = MBAlertView;
			sourceTree = "<group>";
		};
		3496A18F19714AC60089686A /* Categories */ = {
			isa = PBXGroup;
			children = (
				3496A19019714AC60089686A /* NSString+Trim.h */,
				3496A19119714AC60089686A /* NSString+Trim.m */,
				3496A19219714AC60089686A /* UIFont+Alert.h */,
				3496A19319714AC60089686A /* UIFont+Alert.m */,
				3496A19419714AC60089686A /* UIView+Alert.h */,
				3496A19519714AC60089686A /* UIView+Alert.m */,
			);
			path = Categories;
			sourceTree = "<group>";
		};
		3496A19C19714AC60089686A /* Protected */ = {
			isa = PBXGroup;
			children = (
				3496A19D19714AC60089686A /* MBAlertViewItem.h */,
				3496A19E19714AC60089686A /* MBAlertViewItem.m */,
				3496A19F19714AC60089686A /* MBAlertViewSubclass.h */,
			);
			path = Protected;
			sourceTree = "<group>";
		};
		3496A1A019714AC60089686A /* Views */ = {
			isa = PBXGroup;
			children = (
				3496A1A119714AC60089686A /* AlertViewUI.h */,
				3496A1A219714AC60089686A /* MBAlertViewButton.h */,
				3496A1A319714AC60089686A /* MBAlertViewButton.m */,
				3496A1A419714AC60089686A /* MBCheckMarkView.h */,
				3496A1A519714AC60089686A /* MBCheckMarkView.m */,
				3496A1A619714AC60089686A /* MBSpinningCircle.h */,
				3496A1A719714AC60089686A /* MBSpinningCircle.m */,
			);
			path = Views;
			sourceTree = "<group>";
		};
		3496A1A819714AC60089686A /* ODRefreshControl */ = {
			isa = PBXGroup;
			children = (
				3496A1A919714AC60089686A /* ODRefreshControl.h */,
				3496A1AA19714AC60089686A /* ODRefreshControl.m */,
			);
			path = ODRefreshControl;
			sourceTree = "<group>";
		};
		3496A1AB19714AC60089686A /* TSMessage */ = {
			isa = PBXGroup;
			children = (
				3496A1AC19714AC60089686A /* Classes */,
				3496A1B419714AC60089686A /* Resources */,
				3496A1C719714AC60089686A /* Views */,
			);
			path = TSMessage;
			sourceTree = "<group>";
		};
		3496A1AC19714AC60089686A /* Classes */ = {
			isa = PBXGroup;
			children = (
				3496A1AD19714AC60089686A /* TSMessage.h */,
				3496A1AE19714AC60089686A /* TSMessage.m */,
				3496A1AF19714AC60089686A /* UIColorAdditions */,
			);
			path = Classes;
			sourceTree = "<group>";
		};
		3496A1AF19714AC60089686A /* UIColorAdditions */ = {
			isa = PBXGroup;
			children = (
				3496A1B019714AC60089686A /* LICENCE */,
				3496A1B119714AC60089686A /* README.md */,
				3496A1B219714AC60089686A /* UIColor+MLColorAdditions.h */,
				3496A1B319714AC60089686A /* UIColor+MLColorAdditions.m */,
			);
			path = UIColorAdditions;
			sourceTree = "<group>";
		};
		3496A1B419714AC60089686A /* Resources */ = {
			isa = PBXGroup;
			children = (
				3496A1B519714AC60089686A /* design.json */,
				3496A1B619714AC60089686A /* Images */,
			);
			path = Resources;
			sourceTree = "<group>";
		};
		3496A1B619714AC60089686A /* Images */ = {
			isa = PBXGroup;
			children = (
				3496A1B719714AC60089686A /* NotificationBackgroundError.png */,
				3496A1B819714AC60089686A /* NotificationBackgroundError@2x.png */,
				3496A1B919714AC60089686A /* NotificationBackgroundErrorIcon.png */,
				3496A1BA19714AC60089686A /* NotificationBackgroundErrorIcon@2x.png */,
				3496A1BB19714AC60089686A /* NotificationBackgroundMessage.png */,
				3496A1BC19714AC60089686A /* NotificationBackgroundMessage@2x.png */,
				3496A1BD19714AC60089686A /* NotificationBackgroundSuccess.png */,
				3496A1BE19714AC60089686A /* NotificationBackgroundSuccess@2x.png */,
				3496A1BF19714AC60089686A /* NotificationBackgroundSuccessIcon.png */,
				3496A1C019714AC60089686A /* NotificationBackgroundSuccessIcon@2x.png */,
				3496A1C119714AC60089686A /* NotificationBackgroundWarning.png */,
				3496A1C219714AC60089686A /* NotificationBackgroundWarning@2x.png */,
				3496A1C319714AC60089686A /* NotificationBackgroundWarningIcon.png */,
				3496A1C419714AC60089686A /* NotificationBackgroundWarningIcon@2x.png */,
				3496A1C519714AC60089686A /* NotificationButtonBackground.png */,
				3496A1C619714AC60089686A /* NotificationButtonBackground@2x.png */,
			);
			path = Images;
			sourceTree = "<group>";
		};
		3496A1C719714AC60089686A /* Views */ = {
			isa = PBXGroup;
			children = (
				3496A1C819714AC60089686A /* TSMessageView.h */,
				3496A1C919714AC60089686A /* TSMessageView.m */,
			);
			path = Views;
			sourceTree = "<group>";
		};
/* End PBXGroup section */

/* Begin PBXNativeTarget section */
		3490B8BE172776830005E90C /* aozora2 */ = {
			isa = PBXNativeTarget;
			buildConfigurationList = 3490B8E8172776830005E90C /* Build configuration list for PBXNativeTarget "aozora2" */;
			buildPhases = (
				3490B8BB172776830005E90C /* Sources */,
				3490B8BC172776830005E90C /* Frameworks */,
				3490B8BD172776830005E90C /* Resources */,
			);
			buildRules = (
			);
			dependencies = (
			);
			name = aozora2;
			productName = aozora2;
			productReference = 3490B8BF172776830005E90C /* aozora2.app */;
			productType = "com.apple.product-type.application";
		};
/* End PBXNativeTarget section */

/* Begin PBXProject section */
		3490B8B7172776830005E90C /* Project object */ = {
			isa = PBXProject;
			attributes = {
				LastUpgradeCheck = 0460;
				ORGANIZATIONNAME = "羽野 真悟";
			};
			buildConfigurationList = 3490B8BA172776830005E90C /* Build configuration list for PBXProject "aozora2" */;
			compatibilityVersion = "Xcode 3.2";
			developmentRegion = English;
			hasScannedForEncodings = 0;
			knownRegions = (
				en,
				ca,
				cs,
				da,
				de,
				el,
				es,
				fi,
				fr,
				he,
				hu,
				it,
				ja,
				ko,
				nb,
				nl,
				pl,
				pt,
				ro,
				ru,
				sk,
				sv,
				tr,
				"zh-Hans",
				"zh-Hant",
			);
			mainGroup = 3490B8B6172776830005E90C;
			productRefGroup = 3490B8C0172776830005E90C /* Products */;
			projectDirPath = "";
			projectRoot = "";
			targets = (
				3490B8BE172776830005E90C /* aozora2 */,
			);
		};
/* End PBXProject section */

/* Begin PBXResourcesBuildPhase section */
		3490B8BD172776830005E90C /* Resources */ = {
			isa = PBXResourcesBuildPhase;
			buildActionMask = 2147483647;
			files = (
				3490B8D5172776830005E90C /* Default.png in Resources */,
				3490B8D7172776830005E90C /* Default@2x.png in Resources */,
				3490B8D9172776830005E90C /* Default-568h@2x.png in Resources */,
				34918F91172E223800C7F14E /* SecondViewController.xib in Resources */,
				3499D1C9172F6AA3006C1405 /* ListViewController.xib in Resources */,
				3493203917312985008C4966 /* wall.png in Resources */,
				34939CEE17316772004FF2A8 /* ReadViewController.xib in Resources */,
				34939CF017317AF1004FF2A8 /* wall2.png in Resources */,
				341EB5771733B42800B9660F /* button-blue.png in Resources */,
				341EB5791733B84000B9660F /* blue_image.png in Resources */,
				341EB57B1733C21A00B9660F /* blue.jpg in Resources */,
				349311A21736011500AF7748 /* old_zoom_best_fit.png in Resources */,
				349311A41736020500AF7748 /* size_both_32.png in Resources */,
				349311A61736024100AF7748 /* view_fit_window.png in Resources */,
				349311A81736034A00AF7748 /* view_fit_window2.png in Resources */,
				349311B7173603BF00AF7748 /* image1.png in Resources */,
				349311B8173603BF00AF7748 /* image2.png in Resources */,
				349311B9173603BF00AF7748 /* image3.png in Resources */,
				349311BA173603BF00AF7748 /* image4.png in Resources */,
				349311BB173603BF00AF7748 /* image5.png in Resources */,
				349311BC173603BF00AF7748 /* image6.png in Resources */,
				349311BD173603BF00AF7748 /* image7.png in Resources */,
				349311BE173603BF00AF7748 /* image8.png in Resources */,
				349311BF173603BF00AF7748 /* image9.png in Resources */,
				349311C0173603BF00AF7748 /* image10.png in Resources */,
				349311C1173603BF00AF7748 /* image11.png in Resources */,
				349311C2173603BF00AF7748 /* image12.png in Resources */,
				349311C3173603BF00AF7748 /* image13.png in Resources */,
				349311C4173603BF00AF7748 /* image14.png in Resources */,
				3429B20E173A1B7E008C7F8D /* gnome_view_refresh.png in Resources */,
				3429B210173A1D30008C7F8D /* view_fit_window3.png in Resources */,
				3445C146173CB1B800214BE7 /* スクリーンショット 2013-05-10 13.36.32.png in Resources */,
				348A628E17657A0500A9F171 /* Icon-72.png in Resources */,
				348A629017657A0500A9F171 /* Icon.png in Resources */,
				3496A1CA19714AC60089686A /* AppiraterLocalizable.strings in Resources */,
				3496A1CB19714AC60089686A /* DetailViewController.xib in Resources */,
				3496A1CC19714AC60089686A /* InfoPlist.strings in Resources */,
				3496A1CD19714AC60089686A /* MasterViewController.xib in Resources */,
				3496A1D019714AC60089686A /* .gitignore in Resources */,
				3496A1D219714AC60089686A /* Appirater.podspec in Resources */,
				3496A1D319714AC60089686A /* AppiraterLocalizable.strings in Resources */,
				3496A1E019714AC60089686A /* LICENCE in Resources */,
				3496A1E119714AC60089686A /* README.md in Resources */,
				3496A1E319714AC60089686A /* design.json in Resources */,
				3496A1E419714AC60089686A /* NotificationBackgroundError.png in Resources */,
				3496A1E519714AC60089686A /* NotificationBackgroundError@2x.png in Resources */,
				3496A1E619714AC60089686A /* NotificationBackgroundErrorIcon.png in Resources */,
				3496A1E719714AC60089686A /* NotificationBackgroundErrorIcon@2x.png in Resources */,
				3496A1E819714AC60089686A /* NotificationBackgroundMessage.png in Resources */,
				3496A1E919714AC60089686A /* NotificationBackgroundMessage@2x.png in Resources */,
				3496A1EA19714AC60089686A /* NotificationBackgroundSuccess.png in Resources */,
				3496A1EB19714AC60089686A /* NotificationBackgroundSuccess@2x.png in Resources */,
				3496A1EC19714AC60089686A /* NotificationBackgroundSuccessIcon.png in Resources */,
				3496A1ED19714AC60089686A /* NotificationBackgroundSuccessIcon@2x.png in Resources */,
				3496A1EE19714AC60089686A /* NotificationBackgroundWarning.png in Resources */,
				3496A1EF19714AC60089686A /* NotificationBackgroundWarning@2x.png in Resources */,
				3496A1F019714AC60089686A /* NotificationBackgroundWarningIcon.png in Resources */,
				3496A1F119714AC60089686A /* NotificationBackgroundWarningIcon@2x.png in Resources */,
				3496A1F219714AC60089686A /* NotificationButtonBackground.png in Resources */,
				3496A1F319714AC60089686A /* NotificationButtonBackground@2x.png in Resources */,
				3496A1F719714AD60089686A /* Icon-72@2x.png in Resources */,
				3496A1F819714AD60089686A /* Icon@2x.png in Resources */,
			);
			runOnlyForDeploymentPostprocessing = 0;
		};
/* End PBXResourcesBuildPhase section */

/* Begin PBXSourcesBuildPhase section */
		3490B8BB172776830005E90C /* Sources */ = {
			isa = PBXSourcesBuildPhase;
			buildActionMask = 2147483647;
			files = (
				3490B8CF172776830005E90C /* main.m in Sources */,
				3490B8D3172776830005E90C /* AppDelegate.m in Sources */,
				34918F90172E223800C7F14E /* SecondViewController.m in Sources */,
				3499D1C8172F6AA3006C1405 /* ListViewController.m in Sources */,
				34939CED17316771004FF2A8 /* ReadViewController.m in Sources */,
				3496A1CE19714AC60089686A /* HTMLNode.m in Sources */,
				3496A1CF19714AC60089686A /* HTMLParser.m in Sources */,
				3496A1D119714AC60089686A /* Appirater.m in Sources */,
				3496A1D419714AC60089686A /* NSString+Trim.m in Sources */,
				3496A1D519714AC60089686A /* UIFont+Alert.m in Sources */,
				3496A1D619714AC60089686A /* UIView+Alert.m in Sources */,
				3496A1D719714AC60089686A /* MBAlertAbstract.m in Sources */,
				3496A1D819714AC60089686A /* MBAlertView.m in Sources */,
				3496A1D919714AC60089686A /* MBHUDView.m in Sources */,
				3496A1DA19714AC60089686A /* MBAlertViewItem.m in Sources */,
				3496A1DB19714AC60089686A /* MBAlertViewButton.m in Sources */,
				3496A1DC19714AC60089686A /* MBCheckMarkView.m in Sources */,
				3496A1DD19714AC60089686A /* MBSpinningCircle.m in Sources */,
				3496A1DE19714AC60089686A /* ODRefreshControl.m in Sources */,
				3496A1DF19714AC60089686A /* TSMessage.m in Sources */,
				3496A1E219714AC60089686A /* UIColor+MLColorAdditions.m in Sources */,
				3496A1F419714AC60089686A /* TSMessageView.m in Sources */,
			);
			runOnlyForDeploymentPostprocessing = 0;
		};
/* End PBXSourcesBuildPhase section */

/* Begin PBXVariantGroup section */
		3496A16119714AC60089686A /* AppiraterLocalizable.strings */ = {
			isa = PBXVariantGroup;
			children = (
				3496A16219714AC60089686A /* ca */,
				3496A16319714AC60089686A /* cs */,
				3496A16419714AC60089686A /* da */,
				3496A16519714AC60089686A /* de */,
				3496A16619714AC60089686A /* el */,
				3496A16719714AC60089686A /* es */,
				3496A16819714AC60089686A /* fi */,
				3496A16919714AC60089686A /* fr */,
				3496A16A19714AC60089686A /* he */,
				3496A16B19714AC60089686A /* hu */,
				3496A16C19714AC60089686A /* it */,
				3496A16D19714AC60089686A /* ko */,
				3496A16E19714AC60089686A /* nb */,
				3496A16F19714AC60089686A /* nl */,
				3496A17019714AC60089686A /* pl */,
				3496A17119714AC60089686A /* pt */,
				3496A17219714AC60089686A /* ro */,
				3496A17319714AC60089686A /* ru */,
				3496A17419714AC60089686A /* sk */,
				3496A17519714AC60089686A /* sv */,
				3496A17619714AC60089686A /* tr */,
				3496A17719714AC60089686A /* zh-Hans */,
				3496A17819714AC60089686A /* zh-Hant */,
			);
			name = AppiraterLocalizable.strings;
			sourceTree = "<group>";
		};
		3496A17A19714AC60089686A /* DetailViewController.xib */ = {
			isa = PBXVariantGroup;
			children = (
				3496A17B19714AC60089686A /* en */,
			);
			name = DetailViewController.xib;
			sourceTree = "<group>";
		};
		3496A17C19714AC60089686A /* InfoPlist.strings */ = {
			isa = PBXVariantGroup;
			children = (
				3496A17D19714AC60089686A /* en */,
			);
			name = InfoPlist.strings;
			sourceTree = "<group>";
		};
		3496A17E19714AC60089686A /* MasterViewController.xib */ = {
			isa = PBXVariantGroup;
			children = (
				3496A17F19714AC60089686A /* en */,
			);
			name = MasterViewController.xib;
			sourceTree = "<group>";
		};
		3496A18B19714AC60089686A /* AppiraterLocalizable.strings */ = {
			isa = PBXVariantGroup;
			children = (
				3496A18C19714AC60089686A /* en */,
				3496A18D19714AC60089686A /* ja */,
			);
			name = AppiraterLocalizable.strings;
			sourceTree = "<group>";
		};
/* End PBXVariantGroup section */

/* Begin XCBuildConfiguration section */
		3490B8E6172776830005E90C /* Debug */ = {
			isa = XCBuildConfiguration;
			buildSettings = {
				ALWAYS_SEARCH_USER_PATHS = NO;
				CLANG_CXX_LANGUAGE_STANDARD = "gnu++0x";
				CLANG_CXX_LIBRARY = "libc++";
				CLANG_ENABLE_OBJC_ARC = YES;
				CLANG_WARN_CONSTANT_CONVERSION = YES;
				CLANG_WARN_EMPTY_BODY = YES;
				CLANG_WARN_ENUM_CONVERSION = YES;
				CLANG_WARN_INT_CONVERSION = YES;
				CLANG_WARN__DUPLICATE_METHOD_MATCH = YES;
				CODE_SIGN_IDENTITY = "iPhone Distribution: Naoki Uchida";
				"CODE_SIGN_IDENTITY[sdk=iphoneos*]" = "iPhone Developer";
				COPY_PHASE_STRIP = NO;
				GCC_C_LANGUAGE_STANDARD = gnu99;
				GCC_DYNAMIC_NO_PIC = NO;
				GCC_OPTIMIZATION_LEVEL = 0;
				GCC_PREPROCESSOR_DEFINITIONS = (
					"DEBUG=1",
					"$(inherited)",
				);
				GCC_SYMBOLS_PRIVATE_EXTERN = NO;
				GCC_WARN_ABOUT_RETURN_TYPE = YES;
				GCC_WARN_UNINITIALIZED_AUTOS = YES;
				GCC_WARN_UNUSED_VARIABLE = YES;
				IPHONEOS_DEPLOYMENT_TARGET = 6.1;
				ONLY_ACTIVE_ARCH = YES;
				PROVISIONING_PROFILE = "C6EE695C-55FB-40A2-AF19-D3ED5D05A168";
				SDKROOT = iphoneos;
			};
			name = Debug;
		};
		3490B8E7172776830005E90C /* Release */ = {
			isa = XCBuildConfiguration;
			buildSettings = {
				ALWAYS_SEARCH_USER_PATHS = NO;
				CLANG_CXX_LANGUAGE_STANDARD = "gnu++0x";
				CLANG_CXX_LIBRARY = "libc++";
				CLANG_ENABLE_OBJC_ARC = YES;
				CLANG_WARN_CONSTANT_CONVERSION = YES;
				CLANG_WARN_EMPTY_BODY = YES;
				CLANG_WARN_ENUM_CONVERSION = YES;
				CLANG_WARN_INT_CONVERSION = YES;
				CLANG_WARN__DUPLICATE_METHOD_MATCH = YES;
				CODE_SIGN_IDENTITY = "iPhone Distribution: Naoki Uchida";
				"CODE_SIGN_IDENTITY[sdk=iphoneos*]" = "iPhone Developer";
				COPY_PHASE_STRIP = YES;
				GCC_C_LANGUAGE_STANDARD = gnu99;
				GCC_WARN_ABOUT_RETURN_TYPE = YES;
				GCC_WARN_UNINITIALIZED_AUTOS = YES;
				GCC_WARN_UNUSED_VARIABLE = YES;
				IPHONEOS_DEPLOYMENT_TARGET = 6.1;
				OTHER_CFLAGS = "-DNS_BLOCK_ASSERTIONS=1";
				PROVISIONING_PROFILE = "C6EE695C-55FB-40A2-AF19-D3ED5D05A168";
				SDKROOT = iphoneos;
				VALIDATE_PRODUCT = YES;
			};
			name = Release;
		};
		3490B8E9172776830005E90C /* Debug */ = {
			isa = XCBuildConfiguration;
			buildSettings = {
				CODE_SIGN_IDENTITY = "iPhone Developer";
				GCC_PRECOMPILE_PREFIX_HEADER = YES;
				GCC_PREFIX_HEADER = "aozora2/aozora2-Prefix.pch";
				HEADER_SEARCH_PATHS = "${SDKROOT}/usr/include/libxml2";
				INFOPLIST_FILE = "aozora2/aozora2-Info.plist";
				IPHONEOS_DEPLOYMENT_TARGET = 4.3;
				PRODUCT_NAME = "$(TARGET_NAME)";
				PROVISIONING_PROFILE = "";
				TARGETED_DEVICE_FAMILY = "1,2";
				WRAPPER_EXTENSION = app;
			};
			name = Debug;
		};
		3490B8EA172776830005E90C /* Release */ = {
			isa = XCBuildConfiguration;
			buildSettings = {
				CODE_SIGN_IDENTITY = "iPhone Developer";
				GCC_PRECOMPILE_PREFIX_HEADER = YES;
				GCC_PREFIX_HEADER = "aozora2/aozora2-Prefix.pch";
				HEADER_SEARCH_PATHS = "${SDKROOT}/usr/include/libxml2";
				INFOPLIST_FILE = "aozora2/aozora2-Info.plist";
				IPHONEOS_DEPLOYMENT_TARGET = 4.3;
				PRODUCT_NAME = "$(TARGET_NAME)";
				PROVISIONING_PROFILE = "";
				TARGETED_DEVICE_FAMILY = "1,2";
				WRAPPER_EXTENSION = app;
			};
			name = Release;
		};
/* End XCBuildConfiguration section */

/* Begin XCConfigurationList section */
		3490B8BA172776830005E90C /* Build configuration list for PBXProject "aozora2" */ = {
			isa = XCConfigurationList;
			buildConfigurations = (
				3490B8E6172776830005E90C /* Debug */,
				3490B8E7172776830005E90C /* Release */,
			);
			defaultConfigurationIsVisible = 0;
			defaultConfigurationName = Release;
		};
		3490B8E8172776830005E90C /* Build configuration list for PBXNativeTarget "aozora2" */ = {
			isa = XCConfigurationList;
			buildConfigurations = (
				3490B8E9172776830005E90C /* Debug */,
				3490B8EA172776830005E90C /* Release */,
			);
			defaultConfigurationIsVisible = 0;
			defaultConfigurationName = Release;
		};
/* End XCConfigurationList section */
	};
	rootObject = 3490B8B7172776830005E90C /* Project object */;
}
